
Microsoft Visual Studio Solution File, Format Version 12.00
Project("{F2A71F9B-5D33-465A-A702-920D77279786}") = "FSharp", "FSharp\FSharp.fsproj", "{D7393BBC-3415-474F-B939-E1C6E2970E08}"
EndProject
Project("{FAE04EC0-301F-11D3-BF4B-00C04F79EFBC}") = "CSharp", "CSharp\CSharp.csproj", "{94A9FE9D-5D2B-4AD1-ABC5-F41A27DCBF71}"
EndProject
Global
	GlobalSection(SolutionConfigurationPlatforms) = preSolution
		Debug|Any CPU = Debug|Any CPU
		Release|Any CPU = Release|Any CPU
	EndGlobalSection
	GlobalSection(ProjectConfigurationPlatforms) = postSolution
		{D7393BBC-3415-474F-B939-E1C6E2970E08}.Debug|Any CPU.ActiveCfg = Debug|Any CPU
		{D7393BBC-3415-474F-B939-E1C6E2970E08}.Debug|Any CPU.Build.0 = Debug|Any CPU
		{D7393BBC-3415-474F-B939-E1C6E2970E08}.Release|Any CPU.ActiveCfg = Release|Any CPU
		{D7393BBC-3415-474F-B939-E1C6E2970E08}.Release|Any CPU.Build.0 = Release|Any CPU
		{94A9FE9D-5D2B-4AD1-ABC5-F41A27DCBF71}.Debug|Any CPU.ActiveCfg = Debug|Any CPU
		{94A9FE9D-5D2B-4AD1-ABC5-F41A27DCBF71}.Debug|Any CPU.Build.0 = Debug|Any CPU
		{94A9FE9D-5D2B-4AD1-ABC5-F41A27DCBF71}.Release|Any CPU.ActiveCfg = Release|Any CPU
		{94A9FE9D-5D2B-4AD1-ABC5-F41A27DCBF71}.Release|Any CPU.Build.0 = Release|Any CPU
	EndGlobalSection
EndGlobal
